
Microsoft Visual Studio Solution File, Format Version 12.00
# Visual Studio Version 17
VisualStudioVersion = 17.4.33122.133
MinimumVisualStudioVersion = 10.0.40219.1
Project("{FAE04EC0-301F-11D3-BF4B-00C04F79EFBC}") = "BlazorAppPreRenGH", "BlazorAppPreRenGH.csproj", "{793CFD7E-5FDF-4232-A7DD-DCE2347C272C}"
EndProject
Global
	GlobalSection(SolutionConfigurationPlatforms) = preSolution
		Debug|Any CPU = Debug|Any CPU
		Release|Any CPU = Release|Any CPU
	EndGlobalSection
	GlobalSection(ProjectConfigurationPlatforms) = postSolution
		{793CFD7E-5FDF-4232-A7DD-DCE2347C272C}.Debug|Any CPU.ActiveCfg = Debug|Any CPU
		{793CFD7E-5FDF-4232-A7DD-DCE2347C272C}.Debug|Any CPU.Build.0 = Debug|Any CPU
		{793CFD7E-5FDF-4232-A7DD-DCE2347C272C}.Release|Any CPU.ActiveCfg = Release|Any CPU
		{793CFD7E-5FDF-4232-A7DD-DCE2347C272C}.Release|Any CPU.Build.0 = Release|Any CPU
	EndGlobalSection
	GlobalSection(SolutionProperties) = preSolution
		HideSolutionNode = FALSE
	EndGlobalSection
	GlobalSection(ExtensibilityGlobals) = postSolution
		SolutionGuid = {1AC0E6DC-BB0D-4758-AC1E-681791C39DE2}
	EndGlobalSection
EndGlobal
